
Microsoft Visual Studio Solution File, Format Version 12.00
# Visual Studio Version 17
VisualStudioVersion = 17.6.33815.320
MinimumVisualStudioVersion = 10.0.40219.1
Project("{FAE04EC0-301F-11D3-BF4B-00C04F79EFBC}") = "TesteRistretto", "TesteRistretto\TesteRistretto.csproj", "{B8D78C82-76E5-4BAB-BAB2-7D15E4101E52}"
EndProject
Project("{FAE04EC0-301F-11D3-BF4B-00C04F79EFBC}") = "UnitTest", "UnitTest\UnitTest.csproj", "{0A23E5CE-7304-407F-9BB9-14F1E234E6EA}"
EndProject
Global
	GlobalSection(SolutionConfigurationPlatforms) = preSolution
		Debug|Any CPU = Debug|Any CPU
		Release|Any CPU = Release|Any CPU
	EndGlobalSection
	GlobalSection(ProjectConfigurationPlatforms) = postSolution
		{B8D78C82-76E5-4BAB-BAB2-7D15E4101E52}.Debug|Any CPU.ActiveCfg = Debug|Any CPU
		{B8D78C82-76E5-4BAB-BAB2-7D15E4101E52}.Debug|Any CPU.Build.0 = Debug|Any CPU
		{B8D78C82-76E5-4BAB-BAB2-7D15E4101E52}.Release|Any CPU.ActiveCfg = Release|Any CPU
		{B8D78C82-76E5-4BAB-BAB2-7D15E4101E52}.Release|Any CPU.Build.0 = Release|Any CPU
		{0A23E5CE-7304-407F-9BB9-14F1E234E6EA}.Debug|Any CPU.ActiveCfg = Debug|Any CPU
		{0A23E5CE-7304-407F-9BB9-14F1E234E6EA}.Debug|Any CPU.Build.0 = Debug|Any CPU
		{0A23E5CE-7304-407F-9BB9-14F1E234E6EA}.Release|Any CPU.ActiveCfg = Release|Any CPU
		{0A23E5CE-7304-407F-9BB9-14F1E234E6EA}.Release|Any CPU.Build.0 = Release|Any CPU
	EndGlobalSection
	GlobalSection(SolutionProperties) = preSolution
		HideSolutionNode = FALSE
	EndGlobalSection
	GlobalSection(ExtensibilityGlobals) = postSolution
		SolutionGuid = {AB6EFDB5-7B7D-4FDA-B9E0-E64F0D4DD98A}
	EndGlobalSection
EndGlobal
